
Microsoft Visual Studio Solution File, Format Version 12.00
# Visual Studio Version 17
VisualStudioVersion = 17.14.36811.4
MinimumVisualStudioVersion = 10.0.40219.1
Project("{FAE04EC0-301F-11D3-BF4B-00C04F79EFBC}") = "AeroManage.API", "AeroManage.API\AeroManage.API.csproj", "{DDE40672-CBDE-4D1E-BF19-01CD5622D499}"
EndProject
Project("{2150E333-8FDC-42A3-9474-1A3956D46DE8}") = "Shared", "Shared", "{02EA681E-C7D8-13C7-8484-4AC65E1B71E8}"
EndProject
Project("{2150E333-8FDC-42A3-9474-1A3956D46DE8}") = "Infrastructure", "Infrastructure", "{5B7501D0-B44D-48CF-A000-3118C182BA51}"
EndProject
Project("{2150E333-8FDC-42A3-9474-1A3956D46DE8}") = "Modules", "Modules", "{F9AE64EF-426D-48BE-8159-F4224203ABE7}"
EndProject
Project("{FAE04EC0-301F-11D3-BF4B-00C04F79EFBC}") = "AeroManage.Shared", "AeroManage.Shared\AeroManage.Shared.csproj", "{5A474441-B50A-4F28-AC62-01F6D26C8968}"
EndProject
Project("{FAE04EC0-301F-11D3-BF4B-00C04F79EFBC}") = "AeroManage.Infrastructure", "AeroManage.Infrastructure\AeroManage.Infrastructure.csproj", "{C70C1701-3054-4D36-A539-4B44127355E6}"
EndProject
Project("{2150E333-8FDC-42A3-9474-1A3956D46DE8}") = "UserManagement", "UserManagement", "{845F9EAE-CA5E-4526-A069-5567F48D8343}"
EndProject
Project("{FAE04EC0-301F-11D3-BF4B-00C04F79EFBC}") = "AeroManage.UserManagement.Domain", "AeroManage.UserManagement.Domain\AeroManage.UserManagement.Domain.csproj", "{D9268586-77B8-4D44-B4B7-F952D10C0F8D}"
EndProject
Project("{FAE04EC0-301F-11D3-BF4B-00C04F79EFBC}") = "AeroMange.UserManagement.Application", "AeroMange.UserManagement.Application\AeroMange.UserManagement.Application.csproj", "{E4737F86-17DA-4D77-84D7-0550D9D69D97}"
EndProject
Project("{FAE04EC0-301F-11D3-BF4B-00C04F79EFBC}") = "AeroMange.UserManagement.Infrastructure", "AeroMange.UserManagement.Infrastructure\AeroMange.UserManagement.Infrastructure.csproj", "{8B3655D3-1B83-4087-9D92-1F89D9B94FB0}"
EndProject
Project("{2150E333-8FDC-42A3-9474-1A3956D46DE8}") = "FlightManagement", "FlightManagement", "{6765AE2C-F0F0-4F23-8C48-6F5599046AFC}"
EndProject
Project("{FAE04EC0-301F-11D3-BF4B-00C04F79EFBC}") = "AeroManage.FlightManagement.Domain", "AeroManage.FlightManagement.Domain\AeroManage.FlightManagement.Domain.csproj", "{E25D0524-705E-433A-B632-F6415582D725}"
EndProject
Project("{FAE04EC0-301F-11D3-BF4B-00C04F79EFBC}") = "AeroManage.FlightManagement.Application", "AeroManage.FlightManagement.Application\AeroManage.FlightManagement.Application.csproj", "{4031B1EF-F705-4917-A177-94704BE28E32}"
EndProject
Project("{FAE04EC0-301F-11D3-BF4B-00C04F79EFBC}") = "AeroManage.FlightManagement.Infrastructure", "AeroManage.FlightManagement.Infrastructure\AeroManage.FlightManagement.Infrastructure.csproj", "{EB5FAD91-AEA5-49E0-B9C7-B690A54DBC39}"
EndProject
Project("{2150E333-8FDC-42A3-9474-1A3956D46DE8}") = "BookingManagement", "BookingManagement", "{3FF6D5E9-3B5F-4D91-8A17-6F7788101DF7}"
EndProject
Project("{FAE04EC0-301F-11D3-BF4B-00C04F79EFBC}") = "AeroManage.BookingManagement.Domain", "AeroManage.BookingManagement.Domain\AeroManage.BookingManagement.Domain.csproj", "{7CE8B654-3DA7-41F9-A1EE-51F90F04B22B}"
EndProject
Project("{FAE04EC0-301F-11D3-BF4B-00C04F79EFBC}") = "AeroManage.BookingManagement.Infrastructure", "AeroManage.BookingManagement.Infrastructure\AeroManage.BookingManagement.Infrastructure.csproj", "{7EEC528C-7503-4402-80EE-867BDFB22B4E}"
EndProject
Project("{FAE04EC0-301F-11D3-BF4B-00C04F79EFBC}") = "AeroManage.BookingManagement.Application", "AeroManage.BookingManagement.Application\AeroManage.BookingManagement.Application.csproj", "{C827E16B-082F-450B-8961-EEBF637E0EF8}"
EndProject
Global
	GlobalSection(SolutionConfigurationPlatforms) = preSolution
		Debug|Any CPU = Debug|Any CPU
		Release|Any CPU = Release|Any CPU
	EndGlobalSection
	GlobalSection(ProjectConfigurationPlatforms) = postSolution
		{DDE40672-CBDE-4D1E-BF19-01CD5622D499}.Debug|Any CPU.ActiveCfg = Debug|Any CPU
		{DDE40672-CBDE-4D1E-BF19-01CD5622D499}.Debug|Any CPU.Build.0 = Debug|Any CPU
		{DDE40672-CBDE-4D1E-BF19-01CD5622D499}.Release|Any CPU.ActiveCfg = Release|Any CPU
		{DDE40672-CBDE-4D1E-BF19-01CD5622D499}.Release|Any CPU.Build.0 = Release|Any CPU
		{5A474441-B50A-4F28-AC62-01F6D26C8968}.Debug|Any CPU.ActiveCfg = Debug|Any CPU
		{5A474441-B50A-4F28-AC62-01F6D26C8968}.Debug|Any CPU.Build.0 = Debug|Any CPU
		{5A474441-B50A-4F28-AC62-01F6D26C8968}.Release|Any CPU.ActiveCfg = Release|Any CPU
		{5A474441-B50A-4F28-AC62-01F6D26C8968}.Release|Any CPU.Build.0 = Release|Any CPU
		{C70C1701-3054-4D36-A539-4B44127355E6}.Debug|Any CPU.ActiveCfg = Debug|Any CPU
		{C70C1701-3054-4D36-A539-4B44127355E6}.Debug|Any CPU.Build.0 = Debug|Any CPU
		{C70C1701-3054-4D36-A539-4B44127355E6}.Release|Any CPU.ActiveCfg = Release|Any CPU
		{C70C1701-3054-4D36-A539-4B44127355E6}.Release|Any CPU.Build.0 = Release|Any CPU
		{D9268586-77B8-4D44-B4B7-F952D10C0F8D}.Debug|Any CPU.ActiveCfg = Debug|Any CPU
		{D9268586-77B8-4D44-B4B7-F952D10C0F8D}.Debug|Any CPU.Build.0 = Debug|Any CPU
		{D9268586-77B8-4D44-B4B7-F952D10C0F8D}.Release|Any CPU.ActiveCfg = Release|Any CPU
		{D9268586-77B8-4D44-B4B7-F952D10C0F8D}.Release|Any CPU.Build.0 = Release|Any CPU
		{E4737F86-17DA-4D77-84D7-0550D9D69D97}.Debug|Any CPU.ActiveCfg = Debug|Any CPU
		{E4737F86-17DA-4D77-84D7-0550D9D69D97}.Debug|Any CPU.Build.0 = Debug|Any CPU
		{E4737F86-17DA-4D77-84D7-0550D9D69D97}.Release|Any CPU.ActiveCfg = Release|Any CPU
		{E4737F86-17DA-4D77-84D7-0550D9D69D97}.Release|Any CPU.Build.0 = Release|Any CPU
		{8B3655D3-1B83-4087-9D92-1F89D9B94FB0}.Debug|Any CPU.ActiveCfg = Debug|Any CPU
		{8B3655D3-1B83-4087-9D92-1F89D9B94FB0}.Debug|Any CPU.Build.0 = Debug|Any CPU
		{8B3655D3-1B83-4087-9D92-1F89D9B94FB0}.Release|Any CPU.ActiveCfg = Release|Any CPU
		{8B3655D3-1B83-4087-9D92-1F89D9B94FB0}.Release|Any CPU.Build.0 = Release|Any CPU
		{E25D0524-705E-433A-B632-F6415582D725}.Debug|Any CPU.ActiveCfg = Debug|Any CPU
		{E25D0524-705E-433A-B632-F6415582D725}.Debug|Any CPU.Build.0 = Debug|Any CPU
		{E25D0524-705E-433A-B632-F6415582D725}.Release|Any CPU.ActiveCfg = Release|Any CPU
		{E25D0524-705E-433A-B632-F6415582D725}.Release|Any CPU.Build.0 = Release|Any CPU
		{4031B1EF-F705-4917-A177-94704BE28E32}.Debug|Any CPU.ActiveCfg = Debug|Any CPU
		{4031B1EF-F705-4917-A177-94704BE28E32}.Debug|Any CPU.Build.0 = Debug|Any CPU
		{4031B1EF-F705-4917-A177-94704BE28E32}.Release|Any CPU.ActiveCfg = Release|Any CPU
		{4031B1EF-F705-4917-A177-94704BE28E32}.Release|Any CPU.Build.0 = Release|Any CPU
		{EB5FAD91-AEA5-49E0-B9C7-B690A54DBC39}.Debug|Any CPU.ActiveCfg = Debug|Any CPU
		{EB5FAD91-AEA5-49E0-B9C7-B690A54DBC39}.Debug|Any CPU.Build.0 = Debug|Any CPU
		{EB5FAD91-AEA5-49E0-B9C7-B690A54DBC39}.Release|Any CPU.ActiveCfg = Release|Any CPU
		{EB5FAD91-AEA5-49E0-B9C7-B690A54DBC39}.Release|Any CPU.Build.0 = Release|Any CPU
		{7CE8B654-3DA7-41F9-A1EE-51F90F04B22B}.Debug|Any CPU.ActiveCfg = Debug|Any CPU
		{7CE8B654-3DA7-41F9-A1EE-51F90F04B22B}.Debug|Any CPU.Build.0 = Debug|Any CPU
		{7CE8B654-3DA7-41F9-A1EE-51F90F04B22B}.Release|Any CPU.ActiveCfg = Release|Any CPU
		{7CE8B654-3DA7-41F9-A1EE-51F90F04B22B}.Release|Any CPU.Build.0 = Release|Any CPU
		{7EEC528C-7503-4402-80EE-867BDFB22B4E}.Debug|Any CPU.ActiveCfg = Debug|Any CPU
		{7EEC528C-7503-4402-80EE-867BDFB22B4E}.Debug|Any CPU.Build.0 = Debug|Any CPU
		{7EEC528C-7503-4402-80EE-867BDFB22B4E}.Release|Any CPU.ActiveCfg = Release|Any CPU
		{7EEC528C-7503-4402-80EE-867BDFB22B4E}.Release|Any CPU.Build.0 = Release|Any CPU
		{C827E16B-082F-450B-8961-EEBF637E0EF8}.Debug|Any CPU.ActiveCfg = Debug|Any CPU
		{C827E16B-082F-450B-8961-EEBF637E0EF8}.Debug|Any CPU.Build.0 = Debug|Any CPU
		{C827E16B-082F-450B-8961-EEBF637E0EF8}.Release|Any CPU.ActiveCfg = Release|Any CPU
		{C827E16B-082F-450B-8961-EEBF637E0EF8}.Release|Any CPU.Build.0 = Release|Any CPU
	EndGlobalSection
	GlobalSection(SolutionProperties) = preSolution
		HideSolutionNode = FALSE
	EndGlobalSection
	GlobalSection(NestedProjects) = preSolution
		{5A474441-B50A-4F28-AC62-01F6D26C8968} = {02EA681E-C7D8-13C7-8484-4AC65E1B71E8}
		{C70C1701-3054-4D36-A539-4B44127355E6} = {5B7501D0-B44D-48CF-A000-3118C182BA51}
		{845F9EAE-CA5E-4526-A069-5567F48D8343} = {F9AE64EF-426D-48BE-8159-F4224203ABE7}
		{D9268586-77B8-4D44-B4B7-F952D10C0F8D} = {845F9EAE-CA5E-4526-A069-5567F48D8343}
		{E4737F86-17DA-4D77-84D7-0550D9D69D97} = {845F9EAE-CA5E-4526-A069-5567F48D8343}
		{8B3655D3-1B83-4087-9D92-1F89D9B94FB0} = {845F9EAE-CA5E-4526-A069-5567F48D8343}
		{6765AE2C-F0F0-4F23-8C48-6F5599046AFC} = {F9AE64EF-426D-48BE-8159-F4224203ABE7}
		{E25D0524-705E-433A-B632-F6415582D725} = {6765AE2C-F0F0-4F23-8C48-6F5599046AFC}
		{4031B1EF-F705-4917-A177-94704BE28E32} = {6765AE2C-F0F0-4F23-8C48-6F5599046AFC}
		{EB5FAD91-AEA5-49E0-B9C7-B690A54DBC39} = {6765AE2C-F0F0-4F23-8C48-6F5599046AFC}
		{3FF6D5E9-3B5F-4D91-8A17-6F7788101DF7} = {F9AE64EF-426D-48BE-8159-F4224203ABE7}
		{7CE8B654-3DA7-41F9-A1EE-51F90F04B22B} = {3FF6D5E9-3B5F-4D91-8A17-6F7788101DF7}
		{7EEC528C-7503-4402-80EE-867BDFB22B4E} = {3FF6D5E9-3B5F-4D91-8A17-6F7788101DF7}
		{C827E16B-082F-450B-8961-EEBF637E0EF8} = {3FF6D5E9-3B5F-4D91-8A17-6F7788101DF7}
	EndGlobalSection
	GlobalSection(ExtensibilityGlobals) = postSolution
		SolutionGuid = {C79A3BCA-2DF5-4990-B929-1029348F0F2A}
	EndGlobalSection
EndGlobal
